
Microsoft Visual Studio Solution File, Format Version 12.00
# Visual Studio Version 17
VisualStudioVersion = 17.10.34928.147
MinimumVisualStudioVersion = 10.0.40219.1
Project("{FAE04EC0-301F-11D3-BF4B-00C04F79EFBC}") = "fractali", "fractali\fractali.csproj", "{1ACFA506-5D90-4862-9DAA-898FD094EA1C}"
EndProject
Global
	GlobalSection(SolutionConfigurationPlatforms) = preSolution
		Debug|Any CPU = Debug|Any CPU
		Release|Any CPU = Release|Any CPU
	EndGlobalSection
	GlobalSection(ProjectConfigurationPlatforms) = postSolution
		{1ACFA506-5D90-4862-9DAA-898FD094EA1C}.Debug|Any CPU.ActiveCfg = Debug|Any CPU
		{1ACFA506-5D90-4862-9DAA-898FD094EA1C}.Debug|Any CPU.Build.0 = Debug|Any CPU
		{1ACFA506-5D90-4862-9DAA-898FD094EA1C}.Release|Any CPU.ActiveCfg = Release|Any CPU
		{1ACFA506-5D90-4862-9DAA-898FD094EA1C}.Release|Any CPU.Build.0 = Release|Any CPU
	EndGlobalSection
	GlobalSection(SolutionProperties) = preSolution
		HideSolutionNode = FALSE
	EndGlobalSection
	GlobalSection(ExtensibilityGlobals) = postSolution
		SolutionGuid = {004E3BD4-5267-4B04-A1EA-EF82FED91C89}
	EndGlobalSection
EndGlobal
